{
  "meteor": {},
  "dependencies": {
    "basePackages": {
      "meteor-flexiforms": {
        "git": "git://github.com/pavlovich/meteor-flexiforms.git",
        "branch": "master"
      }
    },
    "packages": {
      "meteor-flexiforms": {
        "git": "git://github.com/pavlovich/meteor-flexiforms.git",
        "branch": "master",
        "commit": "022940b47cd2811801211a0330acb0b18abf95a6"
      },
      "underscore-string-latest": {
        "git": "https://github.com/TimHeckel/meteor-underscore-string.git",
        "tag": "v2.3.3",
        "commit": "4a5d70eee48fbd90a6e6fc78747250d704a0b3bb"
      },
      "meteor-fleximodel": {
        "git": "git://github.com/pavlovich/meteor-fleximodel.git",
        "branch": "master",
        "commit": "03166afc50bcf9a41e7afdadad9edf18b9fe0db8"
      },
      "ng-meteor": {
        "git": "git://github.com/pavlovich/ng-meteor.git",
        "branch": "master",
        "commit": "cb31caad109f89afbe5144767a85523c462ac184"
      },
      "meteor-ng-datepicker": {
        "git": "git://github.com/pavlovich/meteor-ng-datepicker.git",
        "branch": "master",
        "commit": "611ec89ca0351575493425f4d222d1ce6ecf6ddf"
      },
      "meteor-sprintf-js": {
        "git": "git://github.com/pavlovich/meteor-sprintf-js.git",
        "branch": "master",
        "commit": "d30b25cb4dafc1cc336468ef7069490807dba570"
      },
      "meteorhacks:fast-render": {
        "git": "git://github.com/meteorhacks/fast-render.git",
        "branch": "master",
        "commit": "5130077808adb1615e844648a2196fbca0b03843"
      },
      "collection-hooks": {
        "git": "https://github.com/matb33/meteor-collection-hooks.git",
        "tag": "v0.7.2",
        "commit": "261f61f07b371ae913463fba8964a9b93cab531b"
      },
      "moment": {
        "git": "git://github.com/acreeger/meteor-moment.git",
        "branch": "master",
        "commit": "13db75d90b39861bb951ac74f07a00210ababaf8"
      }
    }
  }
}
